// !$*UTF8*$!
{
	archiveVersion = 1;
	classes = {
	};
	objectVersion = 48;
	objects = {

/* Begin PBXBuildFile section */
		4184558E1F3CCEBB00E11593 /* AppDelegate.swift in Sources */ = {isa = PBXBuildFile; fileRef = 4184558D1F3CCEBB00E11593 /* AppDelegate.swift */; };
		418455901F3CCEBB00E11593 /* ViewController.swift in Sources */ = {isa = PBXBuildFile; fileRef = 4184558F1F3CCEBB00E11593 /* ViewController.swift */; };
		418455931F3CCEBB00E11593 /* Main.storyboard in Resources */ = {isa = PBXBuildFile; fileRef = 418455911F3CCEBB00E11593 /* Main.storyboard */; };
		418455951F3CCEBB00E11593 /* Assets.xcassets in Resources */ = {isa = PBXBuildFile; fileRef = 418455941F3CCEBB00E11593 /* Assets.xcassets */; };
		418455981F3CCEBB00E11593 /* LaunchScreen.storyboard in Resources */ = {isa = PBXBuildFile; fileRef = 418455961F3CCEBB00E11593 /* LaunchScreen.storyboard */; };
/* End PBXBuildFile section */

/* Begin PBXFileReference section */
		4184558A1F3CCEBB00E11593 /* CoreML Test (iOS 11).app */ = {isa = PBXFileReference; explicitFileType = wrapper.application; includeInIndex = 0; path = "CoreML Test (iOS 11).app"; sourceTree = BUILT_PRODUCTS_DIR; };
		4184558D1F3CCEBB00E11593 /* AppDelegate.swift */ = {isa = PBXFileReference; lastKnownFileType = sourcecode.swift; path = AppDelegate.swift; sourceTree = "<group>"; };
		4184558F1F3CCEBB00E11593 /* ViewController.swift */ = {isa = PBXFileReference; lastKnownFileType = sourcecode.swift; path = ViewController.swift; sourceTree = "<group>"; };
		418455921F3CCEBB00E11593 /* Base */ = {isa = PBXFileReference; lastKnownFileType = file.storyboard; name = Base; path = Base.lproj/Main.storyboard; sourceTree = "<group>"; };
		418455941F3CCEBB00E11593 /* Assets.xcassets */ = {isa = PBXFileReference; lastKnownFileType = folder.assetcatalog; path = Assets.xcassets; sourceTree = "<group>"; };
		418455971F3CCEBB00E11593 /* Base */ = {isa = PBXFileReference; lastKnownFileType = file.storyboard; name = Base; path = Base.lproj/LaunchScreen.storyboard; sourceTree = "<group>"; };
		418455991F3CCEBB00E11593 /* Info.plist */ = {isa = PBXFileReference; lastKnownFileType = text.plist.xml; path = Info.plist; sourceTree = "<group>"; };
/* End PBXFileReference section */

/* Begin PBXFrameworksBuildPhase section */
		418455871F3CCEBB00E11593 /* Frameworks */ = {
			isa = PBXFrameworksBuildPhase;
			buildActionMask = 2147483647;
			files = (
			);
			runOnlyForDeploymentPostprocessing = 0;
		};
/* End PBXFrameworksBuildPhase section */

/* Begin PBXGroup section */
		418455811F3CCEBB00E11593 = {
			isa = PBXGroup;
			children = (
				4184558C1F3CCEBB00E11593 /* CoreML Test (iOS 11) */,
				4184558B1F3CCEBB00E11593 /* Products */,
			);
			sourceTree = "<group>";
		};
		4184558B1F3CCEBB00E11593 /* Products */ = {
			isa = PBXGroup;
			children = (
				4184558A1F3CCEBB00E11593 /* CoreML Test (iOS 11).app */,
			);
			name = Products;
			sourceTree = "<group>";
		};
		4184558C1F3CCEBB00E11593 /* CoreML Test (iOS 11) */ = {
			isa = PBXGroup;
			children = (
				4184558D1F3CCEBB00E11593 /* AppDelegate.swift */,
				4184558F1F3CCEBB00E11593 /* ViewController.swift */,
				418455911F3CCEBB00E11593 /* Main.storyboard */,
				418455941F3CCEBB00E11593 /* Assets.xcassets */,
				418455961F3CCEBB00E11593 /* LaunchScreen.storyboard */,
				418455991F3CCEBB00E11593 /* Info.plist */,
			);
			path = "CoreML Test (iOS 11)";
			sourceTree = "<group>";
		};
/* End PBXGroup section */

/* Begin PBXNativeTarget section */
		418455891F3CCEBB00E11593 /* CoreML Test (iOS 11) */ = {
			isa = PBXNativeTarget;
			buildConfigurationList = 4184559C1F3CCEBB00E11593 /* Build configuration list for PBXNativeTarget "CoreML Test (iOS 11)" */;
			buildPhases = (
				418455861F3CCEBB00E11593 /* Sources */,
				418455871F3CCEBB00E11593 /* Frameworks */,
				418455881F3CCEBB00E11593 /* Resources */,
			);
			buildRules = (
			);
			dependencies = (
			);
			name = "CoreML Test (iOS 11)";
			productName = "CoreML Test (iOS 11)";
			productReference = 4184558A1F3CCEBB00E11593 /* CoreML Test (iOS 11).app */;
			productType = "com.apple.product-type.application";
		};
/* End PBXNativeTarget section */

/* Begin PBXProject section */
		418455821F3CCEBB00E11593 /* Project object */ = {
			isa = PBXProject;
			attributes = {
				LastSwiftUpdateCheck = 0900;
				LastUpgradeCheck = 0900;
				ORGANIZATIONNAME = jisy;
				TargetAttributes = {
					418455891F3CCEBB00E11593 = {
						CreatedOnToolsVersion = 9.0;
					};
				};
			};
			buildConfigurationList = 418455851F3CCEBB00E11593 /* Build configuration list for PBXProject "CoreML Test (iOS 11)" */;
			compatibilityVersion = "Xcode 8.0";
			developmentRegion = en;
			hasScannedForEncodings = 0;
			knownRegions = (
				en,
				Base,
			);
			mainGroup = 418455811F3CCEBB00E11593;
			productRefGroup = 4184558B1F3CCEBB00E11593 /* Products */;
			projectDirPath = "";
			projectRoot = "";
			targets = (
				418455891F3CCEBB00E11593 /* CoreML Test (iOS 11) */,
			);
		};
/* End PBXProject section */

/* Begin PBXResourcesBuildPhase section */
		418455881F3CCEBB00E11593 /* Resources */ = {
			isa = PBXResourcesBuildPhase;
			buildActionMask = 2147483647;
			files = (
				418455981F3CCEBB00E11593 /* LaunchScreen.storyboard in Resources */,
				418455951F3CCEBB00E11593 /* Assets.xcassets in Resources */,
				418455931F3CCEBB00E11593 /* Main.storyboard in Resources */,
			);
			runOnlyForDeploymentPostprocessing = 0;
		};
/* End PBXResourcesBuildPhase section */

/* Begin PBXSourcesBuildPhase section */
		418455861F3CCEBB00E11593 /* Sources */ = {
			isa = PBXSourcesBuildPhase;
			buildActionMask = 2147483647;
			files = (
				418455901F3CCEBB00E11593 /* ViewController.swift in Sources */,
				4184558E1F3CCEBB00E11593 /* AppDelegate.swift in Sources */,
			);
			runOnlyForDeploymentPostprocessing = 0;
		};
/* End PBXSourcesBuildPhase section */

/* Begin PBXVariantGroup section */
		418455911F3CCEBB00E11593 /* Main.storyboard */ = {
			isa = PBXVariantGroup;
			children = (
				418455921F3CCEBB00E11593 /* Base */,
			);
			name = Main.storyboard;
			sourceTree = "<group>";
		};
		418455961F3CCEBB00E11593 /* LaunchScreen.storyboard */ = {
			isa = PBXVariantGroup;
			children = (
				418455971F3CCEBB00E11593 /* Base */,
			);
			name = LaunchScreen.storyboard;
			sourceTree = "<group>";
		};
/* End PBXVariantGroup section */

/* Begin XCBuildConfiguration section */
		4184559A1F3CCEBB00E11593 /* Debug */ = {
			isa = XCBuildConfiguration;
			buildSettings = {
				ALWAYS_SEARCH_USER_PATHS = NO;
				CLANG_ANALYZER_NONNULL = YES;
				CLANG_ANALYZER_NUMBER_OBJECT_CONVERSION = YES_AGGRESSIVE;
				CLANG_CXX_LANGUAGE_STANDARD = "gnu++14";
				CLANG_CXX_LIBRARY = "libc++";
				CLANG_ENABLE_MODULES = YES;
				CLANG_ENABLE_OBJC_ARC = YES;
				CLANG_WARN_BLOCK_CAPTURE_AUTORELEASING = YES;
				CLANG_WARN_BOOL_CONVERSION = YES;
				CLANG_WARN_COMMA = YES;
				CLANG_WARN_CONSTANT_CONVERSION = YES;
				CLANG_WARN_DIRECT_OBJC_ISA_USAGE = YES_ERROR;
				CLANG_WARN_DOCUMENTATION_COMMENTS = YES;
				CLANG_WARN_EMPTY_BODY = YES;
				CLANG_WARN_ENUM_CONVERSION = YES;
				CLANG_WARN_INFINITE_RECURSION = YES;
				CLANG_WARN_INT_CONVERSION = YES;
				CLANG_WARN_NON_LITERAL_NULL_CONVERSION = YES;
				CLANG_WARN_OBJC_LITERAL_CONVERSION = YES;
				CLANG_WARN_OBJC_ROOT_CLASS = YES_ERROR;
				CLANG_WARN_RANGE_LOOP_ANALYSIS = YES;
				CLANG_WARN_STRICT_PROTOTYPES = YES;
				CLANG_WARN_SUSPICIOUS_MOVE = YES;
				CLANG_WARN_UNGUARDED_AVAILABILITY = YES_AGGRESSIVE;
				CLANG_WARN_UNREACHABLE_CODE = YES;
				CLANG_WARN__DUPLICATE_METHOD_MATCH = YES;
				CODE_SIGN_IDENTITY = "iPhone Developer";
				COPY_PHASE_STRIP = NO;
				DEBUG_INFORMATION_FORMAT = dwarf;
				ENABLE_STRICT_OBJC_MSGSEND = YES;
				ENABLE_TESTABILITY = YES;
				GCC_C_LANGUAGE_STANDARD = gnu11;
				GCC_DYNAMIC_NO_PIC = NO;
				GCC_NO_COMMON_BLOCKS = YES;
				GCC_OPTIMIZATION_LEVEL = 0;
				GCC_PREPROCESSOR_DEFINITIONS = (
					"DEBUG=1",
					"$(inherited)",
				);
				GCC_WARN_64_TO_32_BIT_CONVERSION = YES;
				GCC_WARN_ABOUT_RETURN_TYPE = YES_ERROR;
				GCC_WARN_UNDECLARED_SELECTOR = YES;
				GCC_WARN_UNINITIALIZED_AUTOS = YES_AGGRESSIVE;
				GCC_WARN_UNUSED_FUNCTION = YES;
				GCC_WARN_UNUSED_VARIABLE = YES;
				IPHONEOS_DEPLOYMENT_TARGET = 11.0;
				MTL_ENABLE_DEBUG_INFO = YES;
				ONLY_ACTIVE_ARCH = YES;
				SDKROOT = iphoneos;
				SWIFT_ACTIVE_COMPILATION_CONDITIONS = DEBUG;
				SWIFT_OPTIMIZATION_LEVEL = "-Onone";
			};
			name = Debug;
		};
		4184559B1F3CCEBB00E11593 /* Release */ = {
			isa = XCBuildConfiguration;
			buildSettings = {
				ALWAYS_SEARCH_USER_PATHS = NO;
				CLANG_ANALYZER_NONNULL = YES;
				CLANG_ANALYZER_NUMBER_OBJECT_CONVERSION = YES_AGGRESSIVE;
				CLANG_CXX_LANGUAGE_STANDARD = "gnu++14";
				CLANG_CXX_LIBRARY = "libc++";
				CLANG_ENABLE_MODULES = YES;
				CLANG_ENABLE_OBJC_ARC = YES;
				CLANG_WARN_BLOCK_CAPTURE_AUTORELEASING = YES;
				CLANG_WARN_BOOL_CONVERSION = YES;
				CLANG_WARN_COMMA = YES;
				CLANG_WARN_CONSTANT_CONVERSION = YES;
				CLANG_WARN_DIRECT_OBJC_ISA_USAGE = YES_ERROR;
				CLANG_WARN_DOCUMENTATION_COMMENTS = YES;
				CLANG_WARN_EMPTY_BODY = YES;
				CLANG_WARN_ENUM_CONVERSION = YES;
				CLANG_WARN_INFINITE_RECURSION = YES;
				CLANG_WARN_INT_CONVERSION = YES;
				CLANG_WARN_NON_LITERAL_NULL_CONVERSION = YES;
				CLANG_WARN_OBJC_LITERAL_CONVERSION = YES;
				CLANG_WARN_OBJC_ROOT_CLASS = YES_ERROR;
				CLANG_WARN_RANGE_LOOP_ANALYSIS = YES;
				CLANG_WARN_STRICT_PROTOTYPES = YES;
				CLANG_WARN_SUSPICIOUS_MOVE = YES;
				CLANG_WARN_UNGUARDED_AVAILABILITY = YES_AGGRESSIVE;
				CLANG_WARN_UNREACHABLE_CODE = YES;
				CLANG_WARN__DUPLICATE_METHOD_MATCH = YES;
				CODE_SIGN_IDENTITY = "iPhone Developer";
				COPY_PHASE_STRIP = NO;
				DEBUG_INFORMATION_FORMAT = "dwarf-with-dsym";
				ENABLE_NS_ASSERTIONS = NO;
				ENABLE_STRICT_OBJC_MSGSEND = YES;
				GCC_C_LANGUAGE_STANDARD = gnu11;
				GCC_NO_COMMON_BLOCKS = YES;
				GCC_WARN_64_TO_32_BIT_CONVERSION = YES;
				GCC_WARN_ABOUT_RETURN_TYPE = YES_ERROR;
				GCC_WARN_UNDECLARED_SELECTOR = YES;
				GCC_WARN_UNINITIALIZED_AUTOS = YES_AGGRESSIVE;
				GCC_WARN_UNUSED_FUNCTION = YES;
				GCC_WARN_UNUSED_VARIABLE = YES;
				IPHONEOS_DEPLOYMENT_TARGET = 11.0;
				MTL_ENABLE_DEBUG_INFO = NO;
				SDKROOT = iphoneos;
				SWIFT_OPTIMIZATION_LEVEL = "-Owholemodule";
				VALIDATE_PRODUCT = YES;
			};
			name = Release;
		};
		4184559D1F3CCEBB00E11593 /* Debug */ = {
			isa = XCBuildConfiguration;
			buildSettings = {
				ASSETCATALOG_COMPILER_APPICON_NAME = AppIcon;
				DEVELOPMENT_TEAM = 3NQC4C76KE;
				INFOPLIST_FILE = "CoreML Test (iOS 11)/Info.plist";
				LD_RUNPATH_SEARCH_PATHS = "$(inherited) @executable_path/Frameworks";
				PRODUCT_BUNDLE_IDENTIFIER = "jisy.CoreML-Test--iOS-11-";
				PRODUCT_NAME = "$(TARGET_NAME)";
				SWIFT_VERSION = 4.0;
				TARGETED_DEVICE_FAMILY = "1,2";
			};
			name = Debug;
		};
		4184559E1F3CCEBB00E11593 /* Release */ = {
			isa = XCBuildConfiguration;
			buildSettings = {
				ASSETCATALOG_COMPILER_APPICON_NAME = AppIcon;
				DEVELOPMENT_TEAM = 3NQC4C76KE;
				INFOPLIST_FILE = "CoreML Test (iOS 11)/Info.plist";
				LD_RUNPATH_SEARCH_PATHS = "$(inherited) @executable_path/Frameworks";
				PRODUCT_BUNDLE_IDENTIFIER = "jisy.CoreML-Test--iOS-11-";
				PRODUCT_NAME = "$(TARGET_NAME)";
				SWIFT_VERSION = 4.0;
				TARGETED_DEVICE_FAMILY = "1,2";
			};
			name = Release;
		};
/* End XCBuildConfiguration section */

/* Begin XCConfigurationList section */
		418455851F3CCEBB00E11593 /* Build configuration list for PBXProject "CoreML Test (iOS 11)" */ = {
			isa = XCConfigurationList;
			buildConfigurations = (
				4184559A1F3CCEBB00E11593 /* Debug */,
				4184559B1F3CCEBB00E11593 /* Release */,
			);
			defaultConfigurationIsVisible = 0;
			defaultConfigurationName = Release;
		};
		4184559C1F3CCEBB00E11593 /* Build configuration list for PBXNativeTarget "CoreML Test (iOS 11)" */ = {
			isa = XCConfigurationList;
			buildConfigurations = (
				4184559D1F3CCEBB00E11593 /* Debug */,
				4184559E1F3CCEBB00E11593 /* Release */,
			);
			defaultConfigurationIsVisible = 0;
			defaultConfigurationName = Release;
		};
/* End XCConfigurationList section */
	};
	rootObject = 418455821F3CCEBB00E11593 /* Project object */;
}
